# THIS IS AN AUTOGENERATED FILE. DO NOT EDIT THIS FILE DIRECTLY.
# yarn lockfile v1


"@headlessui/react@^1.7.17":
  version "1.7.17"
  resolved "https://registry.yarnpkg.com/@headlessui/react/-/react-1.7.17.tgz#a0ec23af21b527c030967245fd99776aa7352bc6"
  integrity sha512-4am+tzvkqDSSgiwrsEpGWqgGo9dz8qU5M3znCkC4PgkpY4HcCZzEDEvozltGGGHIKl9jbXbZPSH5TWn4sWJdow==
  dependencies:
    client-only "^0.0.1"

"@heroicons/react@v1":
  version "1.0.6"
  resolved "https://registry.yarnpkg.com/@heroicons/react/-/react-1.0.6.tgz#35dd26987228b39ef2316db3b1245c42eb19e324"
  integrity sha512-JJCXydOFWMDpCP4q13iEplA503MQO3xLoZiKum+955ZCtHINWnx26CUxVxxFQu/uLb4LW3ge15ZpzIkXKkJ8oQ==

client-only@^0.0.1:
  version "0.0.1"
  resolved "https://registry.yarnpkg.com/client-only/-/client-only-0.0.1.tgz#38bba5d403c41ab150bff64a95c85013cf73bca1"
  integrity sha512-IV3Ou0jSMzZrd3pZ48nLkT9DA7Ag1pnPzaiQhpW7c3RbcqqzvzzVu+L8gfqMp/8IM2MQtSiqaCxrrcfu8I8rMA==

react-icons@^4.12.0:
  version "4.12.0"
  resolved "https://registry.yarnpkg.com/react-icons/-/react-icons-4.12.0.tgz#54806159a966961bfd5cdb26e492f4dafd6a8d78"
  integrity sha512-IBaDuHiShdZqmfc/TwHu6+d6k2ltNCf3AszxNmjJc1KUfXdEeRJOKyNvLmAHaarhzGmTSVygNdyu8/opXv2gaw==
